version = 1
requires-python = ">=3.10"

[[package]]
name = "attrs"
version = "24.2.0"
source = { registry = "https://pypi.org/simple" }
sdist = { url = "https://files.pythonhosted.org/packages/fc/0f/aafca9af9315aee06a89ffde799a10a582fe8de76c563ee80bbcdc08b3fb/attrs-24.2.0.tar.gz", hash = "sha256:5cfb1b9148b5b086569baec03f20d7b6bf3bcacc9a42bebf87ffaaca362f6346", size = 792678 }
wheels = [
    { url = "https://files.pythonhosted.org/packages/6a/21/5b6702a7f963e95456c0de2d495f67bf5fd62840ac655dc451586d23d39a/attrs-24.2.0-py3-none-any.whl", hash = "sha256:81921eb96de3191c8258c199618104dd27ac608d9366f5e35d011eae1867ede2", size = 63001 },
]

[[package]]
name = "babel"
version = "2.16.0"
source = { registry = "https://pypi.org/simple" }
sdist = { url = "https://files.pythonhosted.org/packages/2a/74/f1bc80f23eeba13393b7222b11d95ca3af2c1e28edca18af487137eefed9/babel-2.16.0.tar.gz", hash = "sha256:d1f3554ca26605fe173f3de0c65f750f5a42f924499bf134de6423582298e316", size = 9348104 }
wheels = [
    { url = "https://files.pythonhosted.org/packages/ed/20/bc79bc575ba2e2a7f70e8a1155618bb1301eaa5132a8271373a6903f73f8/babel-2.16.0-py3-none-any.whl", hash = "sha256:368b5b98b37c06b7daf6696391c3240c938b37767d4584413e8438c5c435fa8b", size = 9587599 },
]

[[package]]
name = "fantasy-forge"
version = "0.1.0"
source = { editable = "." }
dependencies = [
    { name = "fluent-runtime" },
    { name = "huepy" },
    { name = "toml" },
]

[package.metadata]
requires-dist = [
    { name = "fluent-runtime" },
    { name = "huepy" },
    { name = "toml" },
]

[[package]]
name = "fluent-runtime"
version = "0.4.0"
source = { registry = "https://pypi.org/simple" }
dependencies = [
    { name = "attrs" },
    { name = "babel" },
    { name = "fluent-syntax" },
    { name = "pytz" },
    { name = "typing-extensions" },
]
sdist = { url = "https://files.pythonhosted.org/packages/dc/54/94bbd857443565a5776027165fe1e2634d836681d7d9c8992a2fd0ce8302/fluent.runtime-0.4.0.tar.gz", hash = "sha256:cb5ef96a58a3f67acaaca046d1201d202a1ebf2823e5e664370f359bae20574d", size = 17591 }
wheels = [
    { url = "https://files.pythonhosted.org/packages/e5/89/a19b0bdfc74977b44aca2ad2e0600fd89c778184fcbb7fc44ba1002cc7b5/fluent.runtime-0.4.0-py2.py3-none-any.whl", hash = "sha256:51fd02582c2363e1106d7051642967a1b7f406dd9c317bd4600a73ede40c5146", size = 15627 },
]

[[package]]
name = "fluent-syntax"
version = "0.19.0"
source = { registry = "https://pypi.org/simple" }
dependencies = [
    { name = "typing-extensions" },
]
sdist = { url = "https://files.pythonhosted.org/packages/51/52/de75f2faf499ed5a089acff2ab8bda5fc3b8db8a3f1615428ef9ccbf1917/fluent.syntax-0.19.0.tar.gz", hash = "sha256:920326d7f46864b9758f0044e9968e3112198bc826acee16ddd8f11d359004fd", size = 15039 }
wheels = [
    { url = "https://files.pythonhosted.org/packages/54/28/475734afb670bf7932caa1828183a4687cac51111950b9fb633c4f976afc/fluent.syntax-0.19.0-py2.py3-none-any.whl", hash = "sha256:b352b3475fac6c6ed5f06527921f432aac073d764445508ee5218aeccc7cc5c4", size = 16432 },
]

[[package]]
name = "huepy"
version = "1.2.1"
source = { registry = "https://pypi.org/simple" }
sdist = { url = "https://files.pythonhosted.org/packages/d6/4e/2dae447d8858a31158ca6c313f5d1902bc83b8542bb5f10c0307de2973bc/huepy-1.2.1.tar.gz", hash = "sha256:5b29beef797312fb7606188bc5cd98f78ab8f7e01576427a9312f1c9b20b759d", size = 15701 }

[[package]]
name = "pytz"
version = "2024.2"
source = { registry = "https://pypi.org/simple" }
sdist = { url = "https://files.pythonhosted.org/packages/3a/31/3c70bf7603cc2dca0f19bdc53b4537a797747a58875b552c8c413d963a3f/pytz-2024.2.tar.gz", hash = "sha256:2aa355083c50a0f93fa581709deac0c9ad65cca8a9e9beac660adcbd493c798a", size = 319692 }
wheels = [
    { url = "https://files.pythonhosted.org/packages/11/c3/005fcca25ce078d2cc29fd559379817424e94885510568bc1bc53d7d5846/pytz-2024.2-py2.py3-none-any.whl", hash = "sha256:31c7c1817eb7fae7ca4b8c7ee50c72f93aa2dd863de768e1ef4245d426aa0725", size = 508002 },
]

[[package]]
name = "toml"
version = "0.10.2"
source = { registry = "https://pypi.org/simple" }
sdist = { url = "https://files.pythonhosted.org/packages/be/ba/1f744cdc819428fc6b5084ec34d9b30660f6f9daaf70eead706e3203ec3c/toml-0.10.2.tar.gz", hash = "sha256:b3bda1d108d5dd99f4a20d24d9c348e91c4db7ab1b749200bded2f839ccbe68f", size = 22253 }
wheels = [
    { url = "https://files.pythonhosted.org/packages/44/6f/7120676b6d73228c96e17f1f794d8ab046fc910d781c8d151120c3f1569e/toml-0.10.2-py2.py3-none-any.whl", hash = "sha256:806143ae5bfb6a3c6e736a764057db0e6a0e05e338b5630894a5f779cabb4f9b", size = 16588 },
]

[[package]]
name = "typing-extensions"
version = "4.12.2"
source = { registry = "https://pypi.org/simple" }
sdist = { url = "https://files.pythonhosted.org/packages/df/db/f35a00659bc03fec321ba8bce9420de607a1d37f8342eee1863174c69557/typing_extensions-4.12.2.tar.gz", hash = "sha256:1a7ead55c7e559dd4dee8856e3a88b41225abfe1ce8df57b7c13915fe121ffb8", size = 85321 }
wheels = [
    { url = "https://files.pythonhosted.org/packages/26/9f/ad63fc0248c5379346306f8668cda6e2e2e9c95e01216d2b8ffd9ff037d0/typing_extensions-4.12.2-py3-none-any.whl", hash = "sha256:04e5ca0351e0f3f85c6853954072df659d0d13fac324d0072316b67d7794700d", size = 37438 },
]
