version = 1
revision = 1
requires-python = ">=3.13"
resolution-markers = [
    "sys_platform == 'unix'",
    "sys_platform != 'unix'",
]

[[package]]
name = "attrs"
version = "24.2.0"
source = { registry = "https://pypi.org/simple" }
sdist = { url = "https://files.pythonhosted.org/packages/fc/0f/aafca9af9315aee06a89ffde799a10a582fe8de76c563ee80bbcdc08b3fb/attrs-24.2.0.tar.gz", hash = "sha256:5cfb1b9148b5b086569baec03f20d7b6bf3bcacc9a42bebf87ffaaca362f6346", size = 792678 }
wheels = [
    { url = "https://files.pythonhosted.org/packages/6a/21/5b6702a7f963e95456c0de2d495f67bf5fd62840ac655dc451586d23d39a/attrs-24.2.0-py3-none-any.whl", hash = "sha256:81921eb96de3191c8258c199618104dd27ac608d9366f5e35d011eae1867ede2", size = 63001 },
]

[[package]]
name = "babel"
version = "2.16.0"
source = { registry = "https://pypi.org/simple" }
sdist = { url = "https://files.pythonhosted.org/packages/2a/74/f1bc80f23eeba13393b7222b11d95ca3af2c1e28edca18af487137eefed9/babel-2.16.0.tar.gz", hash = "sha256:d1f3554ca26605fe173f3de0c65f750f5a42f924499bf134de6423582298e316", size = 9348104 }
wheels = [
    { url = "https://files.pythonhosted.org/packages/ed/20/bc79bc575ba2e2a7f70e8a1155618bb1301eaa5132a8271373a6903f73f8/babel-2.16.0-py3-none-any.whl", hash = "sha256:368b5b98b37c06b7daf6696391c3240c938b37767d4584413e8438c5c435fa8b", size = 9587599 },
]

[[package]]
name = "click"
version = "8.1.7"
source = { registry = "https://pypi.org/simple" }
dependencies = [
    { name = "colorama", marker = "sys_platform == 'win32'" },
]
sdist = { url = "https://files.pythonhosted.org/packages/96/d3/f04c7bfcf5c1862a2a5b845c6b2b360488cf47af55dfa79c98f6a6bf98b5/click-8.1.7.tar.gz", hash = "sha256:ca9853ad459e787e2192211578cc907e7594e294c7ccc834310722b41b9ca6de", size = 336121 }
wheels = [
    { url = "https://files.pythonhosted.org/packages/00/2e/d53fa4befbf2cfa713304affc7ca780ce4fc1fd8710527771b58311a3229/click-8.1.7-py3-none-any.whl", hash = "sha256:ae74fb96c20a0277a1d615f1e4d73c8414f5a98db8b799a7931d1582f3390c28", size = 97941 },
]

[[package]]
name = "colorama"
version = "0.4.6"
source = { registry = "https://pypi.org/simple" }
sdist = { url = "https://files.pythonhosted.org/packages/d8/53/6f443c9a4a8358a93a6792e2acffb9d9d5cb0a5cfd8802644b7b1c9a02e4/colorama-0.4.6.tar.gz", hash = "sha256:08695f5cb7ed6e0531a20572697297273c47b8cae5a63ffc6d6ed5c201be6e44", size = 27697 }
wheels = [
    { url = "https://files.pythonhosted.org/packages/d1/d6/3965ed04c63042e047cb6a3e6ed1a63a35087b6a609aa3a15ed8ac56c221/colorama-0.4.6-py2.py3-none-any.whl", hash = "sha256:4f1d9991f5acc0ca119f9d443620b77f9d6b33703e51011c16baf57afb285fc6", size = 25335 },
]

[[package]]
name = "commandlib"
version = "0.3.5"
source = { registry = "https://pypi.org/simple" }
sdist = { url = "https://files.pythonhosted.org/packages/de/a6/900f45a700bc66b00dc1deaa2ca2dbad5c1b634c48012f649b3ae088b514/commandlib-0.3.5.tar.gz", hash = "sha256:07b4d2a64a6858e36b185e3512d24ea2f34267d035450035d9bd8437c0ad7d38", size = 6888 }

[[package]]
name = "fantasy-forge"
version = "0.1.0"
source = { editable = "." }
dependencies = [
    { name = "fluent-runtime" },
    { name = "fuzzywuzzy" },
    { name = "huepy" },
    { name = "python-levenshtein" },
    { name = "toml" },
    { name = "xdg-base-dirs" },
]

[package.dev-dependencies]
dev = [
    { name = "commandlib" },
    { name = "hitchstory" },
    { name = "icommandlib", marker = "sys_platform == 'unix'" },
    { name = "pytest" },
]

[package.metadata]
requires-dist = [
    { name = "fluent-runtime" },
    { name = "fuzzywuzzy", specifier = ">=0.18.0" },
    { name = "huepy" },
    { name = "python-levenshtein", specifier = ">=0.27.1" },
    { name = "toml" },
    { name = "xdg-base-dirs", specifier = ">=6.0.2" },
]

[package.metadata.requires-dev]
dev = [
    { name = "commandlib", specifier = ">=0.3.5" },
    { name = "hitchstory", specifier = ">=0.24.0" },
    { name = "icommandlib", marker = "sys_platform == 'unix'", specifier = ">=0.8.0" },
    { name = "pytest", specifier = ">=8.3.3" },
]

[[package]]
name = "fluent-runtime"
version = "0.4.0"
source = { registry = "https://pypi.org/simple" }
dependencies = [
    { name = "attrs" },
    { name = "babel" },
    { name = "fluent-syntax" },
    { name = "pytz" },
    { name = "typing-extensions" },
]
sdist = { url = "https://files.pythonhosted.org/packages/dc/54/94bbd857443565a5776027165fe1e2634d836681d7d9c8992a2fd0ce8302/fluent.runtime-0.4.0.tar.gz", hash = "sha256:cb5ef96a58a3f67acaaca046d1201d202a1ebf2823e5e664370f359bae20574d", size = 17591 }
wheels = [
    { url = "https://files.pythonhosted.org/packages/e5/89/a19b0bdfc74977b44aca2ad2e0600fd89c778184fcbb7fc44ba1002cc7b5/fluent.runtime-0.4.0-py2.py3-none-any.whl", hash = "sha256:51fd02582c2363e1106d7051642967a1b7f406dd9c317bd4600a73ede40c5146", size = 15627 },
]

[[package]]
name = "fluent-syntax"
version = "0.19.0"
source = { registry = "https://pypi.org/simple" }
dependencies = [
    { name = "typing-extensions" },
]
sdist = { url = "https://files.pythonhosted.org/packages/51/52/de75f2faf499ed5a089acff2ab8bda5fc3b8db8a3f1615428ef9ccbf1917/fluent.syntax-0.19.0.tar.gz", hash = "sha256:920326d7f46864b9758f0044e9968e3112198bc826acee16ddd8f11d359004fd", size = 15039 }
wheels = [
    { url = "https://files.pythonhosted.org/packages/54/28/475734afb670bf7932caa1828183a4687cac51111950b9fb633c4f976afc/fluent.syntax-0.19.0-py2.py3-none-any.whl", hash = "sha256:b352b3475fac6c6ed5f06527921f432aac073d764445508ee5218aeccc7cc5c4", size = 16432 },
]

[[package]]
name = "fuzzywuzzy"
version = "0.18.0"
source = { registry = "https://pypi.org/simple" }
sdist = { url = "https://files.pythonhosted.org/packages/11/4b/0a002eea91be6048a2b5d53c5f1b4dafd57ba2e36eea961d05086d7c28ce/fuzzywuzzy-0.18.0.tar.gz", hash = "sha256:45016e92264780e58972dca1b3d939ac864b78437422beecebb3095f8efd00e8", size = 28888 }
wheels = [
    { url = "https://files.pythonhosted.org/packages/43/ff/74f23998ad2f93b945c0309f825be92e04e0348e062026998b5eefef4c33/fuzzywuzzy-0.18.0-py2.py3-none-any.whl", hash = "sha256:928244b28db720d1e0ee7587acf660ea49d7e4c632569cad4f1cd7e68a5f0993", size = 18272 },
]

[[package]]
name = "hitchstory"
version = "0.24.0"
source = { registry = "https://pypi.org/simple" }
dependencies = [
    { name = "click" },
    { name = "colorama" },
    { name = "jinja2" },
    { name = "mergedeep" },
    { name = "path-py" },
    { name = "prettystack" },
    { name = "psutil" },
    { name = "python-slugify" },
    { name = "strictyaml" },
]
sdist = { url = "https://files.pythonhosted.org/packages/3b/6a/bda7033e595ff3e1d0a44d40403a0d823839a100405fbd41735ff75269ed/hitchstory-0.24.0.tar.gz", hash = "sha256:c3f1317c0674ba05eda8d07f454d00d3b580162fb52ceae99553058d586b34da", size = 33013 }
wheels = [
    { url = "https://files.pythonhosted.org/packages/59/e0/69c4dc74b1e7205d61a369723158a004f56ffcb9168467d4fdcd97110563/hitchstory-0.24.0-py3-none-any.whl", hash = "sha256:6178277c896427b2fb7c44b2c2979e884757e66f6d7e36c59995b3f151d7ba15", size = 30299 },
]

[[package]]
name = "huepy"
version = "1.2.1"
source = { registry = "https://pypi.org/simple" }
sdist = { url = "https://files.pythonhosted.org/packages/d6/4e/2dae447d8858a31158ca6c313f5d1902bc83b8542bb5f10c0307de2973bc/huepy-1.2.1.tar.gz", hash = "sha256:5b29beef797312fb7606188bc5cd98f78ab8f7e01576427a9312f1c9b20b759d", size = 15701 }

[[package]]
name = "icommandlib"
version = "0.8.0"
source = { registry = "https://pypi.org/simple" }
dependencies = [
    { name = "commandlib", marker = "sys_platform == 'unix'" },
    { name = "psutil", marker = "sys_platform == 'unix'" },
    { name = "ptyprocess", marker = "sys_platform == 'unix'" },
    { name = "pyte", marker = "sys_platform == 'unix'" },
    { name = "uvloop", marker = "sys_platform == 'unix'" },
]
sdist = { url = "https://files.pythonhosted.org/packages/4b/a4/493a811855c1fdd4eeb0d01733d453884389ec0904d62ec3a8d6996c20a1/icommandlib-0.8.0.tar.gz", hash = "sha256:6dba8454a6ff801a0f80470f18c51aa071bba0597c64277ba0bac8fea2deafff", size = 9681 }
wheels = [
    { url = "https://files.pythonhosted.org/packages/8f/01/f7a7dcb36f271351dcbe25eb45bdfbb6417e01524c87788be58c53c568c4/icommandlib-0.8.0-py3-none-any.whl", hash = "sha256:1e3f5c269da8a65248eda9d81b067840ecf3a55b86da9e9498d162b47d6dd04e", size = 9160 },
]

[[package]]
name = "iniconfig"
version = "2.0.0"
source = { registry = "https://pypi.org/simple" }
sdist = { url = "https://files.pythonhosted.org/packages/d7/4b/cbd8e699e64a6f16ca3a8220661b5f83792b3017d0f79807cb8708d33913/iniconfig-2.0.0.tar.gz", hash = "sha256:2d91e135bf72d31a410b17c16da610a82cb55f6b0477d1a902134b24a455b8b3", size = 4646 }
wheels = [
    { url = "https://files.pythonhosted.org/packages/ef/a6/62565a6e1cf69e10f5727360368e451d4b7f58beeac6173dc9db836a5b46/iniconfig-2.0.0-py3-none-any.whl", hash = "sha256:b6a85871a79d2e3b22d2d1b94ac2824226a63c6b741c88f7ae975f18b6778374", size = 5892 },
]

[[package]]
name = "jinja2"
version = "3.1.4"
source = { registry = "https://pypi.org/simple" }
dependencies = [
    { name = "markupsafe" },
]
sdist = { url = "https://files.pythonhosted.org/packages/ed/55/39036716d19cab0747a5020fc7e907f362fbf48c984b14e62127f7e68e5d/jinja2-3.1.4.tar.gz", hash = "sha256:4a3aee7acbbe7303aede8e9648d13b8bf88a429282aa6122a993f0ac800cb369", size = 240245 }
wheels = [
    { url = "https://files.pythonhosted.org/packages/31/80/3a54838c3fb461f6fec263ebf3a3a41771bd05190238de3486aae8540c36/jinja2-3.1.4-py3-none-any.whl", hash = "sha256:bc5dd2abb727a5319567b7a813e6a2e7318c39f4f487cfe6c89c6f9c7d25197d", size = 133271 },
]

[[package]]
name = "levenshtein"
version = "0.27.1"
source = { registry = "https://pypi.org/simple" }
dependencies = [
    { name = "rapidfuzz" },
]
sdist = { url = "https://files.pythonhosted.org/packages/7e/b3/b5f8011483ba9083a0bc74c4d58705e9cf465fbe55c948a1b1357d0a2aa8/levenshtein-0.27.1.tar.gz", hash = "sha256:3e18b73564cfc846eec94dd13fab6cb006b5d2e0cc56bad1fd7d5585881302e3", size = 382571 }
wheels = [
    { url = "https://files.pythonhosted.org/packages/c6/d3/30485fb9aee848542ee2d01aba85106a7f5da982ebeeffc619f70ea593c7/levenshtein-0.27.1-cp313-cp313-macosx_10_13_x86_64.whl", hash = "sha256:ab00c2cae2889166afb7e1af64af2d4e8c1b126f3902d13ef3740df00e54032d", size = 173397 },
    { url = "https://files.pythonhosted.org/packages/df/9f/40a81c54cfe74b22737710e654bd25ad934a675f737b60b24f84099540e0/levenshtein-0.27.1-cp313-cp313-macosx_11_0_arm64.whl", hash = "sha256:c27e00bc7527e282f7c437817081df8da4eb7054e7ef9055b851fa3947896560", size = 155787 },
    { url = "https://files.pythonhosted.org/packages/df/98/915f4e24e21982b6eca2c0203546c160f4a83853fa6a2ac6e2b208a54afc/levenshtein-0.27.1-cp313-cp313-manylinux_2_17_aarch64.manylinux2014_aarch64.whl", hash = "sha256:a5b07de42bfc051136cc8e7f1e7ba2cb73666aa0429930f4218efabfdc5837ad", size = 150013 },
    { url = "https://files.pythonhosted.org/packages/80/93/9b0773107580416b9de14bf6a12bd1dd2b2964f7a9f6fb0e40723e1f0572/levenshtein-0.27.1-cp313-cp313-manylinux_2_17_ppc64le.manylinux2014_ppc64le.whl", hash = "sha256:fb11ad3c9dae3063405aa50d9c96923722ab17bb606c776b6817d70b51fd7e07", size = 181234 },
    { url = "https://files.pythonhosted.org/packages/91/b1/3cd4f69af32d40de14808142cc743af3a1b737b25571bd5e8d2f46b885e0/levenshtein-0.27.1-cp313-cp313-manylinux_2_17_s390x.manylinux2014_s390x.whl", hash = "sha256:5c5986fb46cb0c063305fd45b0a79924abf2959a6d984bbac2b511d3ab259f3f", size = 183697 },
    { url = "https://files.pythonhosted.org/packages/bb/65/b691e502c6463f6965b7e0d8d84224c188aa35b53fbc85853c72a0e436c9/levenshtein-0.27.1-cp313-cp313-manylinux_2_17_x86_64.manylinux2014_x86_64.whl", hash = "sha256:75191e469269ddef2859bc64c4a8cfd6c9e063302766b5cb7e1e67f38cc7051a", size = 159964 },
    { url = "https://files.pythonhosted.org/packages/0f/c0/89a922a47306a475fb6d8f2ab08668f143d3dc7dea4c39d09e46746e031c/levenshtein-0.27.1-cp313-cp313-manylinux_2_5_i686.manylinux1_i686.manylinux_2_17_i686.manylinux2014_i686.whl", hash = "sha256:51b3a7b2266933babc04e4d9821a495142eebd6ef709f90e24bc532b52b81385", size = 244759 },
    { url = "https://files.pythonhosted.org/packages/b4/93/30283c6e69a6556b02e0507c88535df9613179f7b44bc49cdb4bc5e889a3/levenshtein-0.27.1-cp313-cp313-musllinux_1_2_aarch64.whl", hash = "sha256:bbac509794afc3e2a9e73284c9e3d0aab5b1d928643f42b172969c3eefa1f2a3", size = 1115955 },
    { url = "https://files.pythonhosted.org/packages/0b/cf/7e19ea2c23671db02fbbe5a5a4aeafd1d471ee573a6251ae17008458c434/levenshtein-0.27.1-cp313-cp313-musllinux_1_2_i686.whl", hash = "sha256:8d68714785178347ecb272b94e85cbf7e638165895c4dd17ab57e7742d8872ec", size = 1400921 },
    { url = "https://files.pythonhosted.org/packages/e3/f7/fb42bfe2f3b46ef91f0fc6fa217b44dbeb4ef8c72a9c1917bbbe1cafc0f8/levenshtein-0.27.1-cp313-cp313-musllinux_1_2_ppc64le.whl", hash = "sha256:8ee74ee31a5ab8f61cd6c6c6e9ade4488dde1285f3c12207afc018393c9b8d14", size = 1225037 },
    { url = "https://files.pythonhosted.org/packages/74/25/c86f8874ac7b0632b172d0d1622ed3ab9608a7f8fe85d41d632b16f5948e/levenshtein-0.27.1-cp313-cp313-musllinux_1_2_s390x.whl", hash = "sha256:f2441b6365453ec89640b85344afd3d602b0d9972840b693508074c613486ce7", size = 1420601 },
    { url = "https://files.pythonhosted.org/packages/20/fe/ebfbaadcd90ea7dfde987ae95b5c11dc27c2c5d55a2c4ccbbe4e18a8af7b/levenshtein-0.27.1-cp313-cp313-musllinux_1_2_x86_64.whl", hash = "sha256:a9be39640a46d8a0f9be729e641651d16a62b2c07d3f4468c36e1cc66b0183b9", size = 1188241 },
    { url = "https://files.pythonhosted.org/packages/2e/1a/aa6b07316e10781a6c5a5a8308f9bdc22213dc3911b959daa6d7ff654fc6/levenshtein-0.27.1-cp313-cp313-win32.whl", hash = "sha256:a520af67d976761eb6580e7c026a07eb8f74f910f17ce60e98d6e492a1f126c7", size = 88103 },
    { url = "https://files.pythonhosted.org/packages/9d/7b/9bbfd417f80f1047a28d0ea56a9b38b9853ba913b84dd5998785c5f98541/levenshtein-0.27.1-cp313-cp313-win_amd64.whl", hash = "sha256:7dd60aa49c2d8d23e0ef6452c8329029f5d092f386a177e3385d315cabb78f2a", size = 100579 },
    { url = "https://files.pythonhosted.org/packages/8b/01/5f3ff775db7340aa378b250e2a31e6b4b038809a24ff0a3636ef20c7ca31/levenshtein-0.27.1-cp313-cp313-win_arm64.whl", hash = "sha256:149cd4f0baf5884ac5df625b7b0d281721b15de00f447080e38f5188106e1167", size = 87933 },
]

[[package]]
name = "markupsafe"
version = "3.0.2"
source = { registry = "https://pypi.org/simple" }
sdist = { url = "https://files.pythonhosted.org/packages/b2/97/5d42485e71dfc078108a86d6de8fa46db44a1a9295e89c5d6d4a06e23a62/markupsafe-3.0.2.tar.gz", hash = "sha256:ee55d3edf80167e48ea11a923c7386f4669df67d7994554387f84e7d8b0a2bf0", size = 20537 }
wheels = [
    { url = "https://files.pythonhosted.org/packages/83/0e/67eb10a7ecc77a0c2bbe2b0235765b98d164d81600746914bebada795e97/MarkupSafe-3.0.2-cp313-cp313-macosx_10_13_universal2.whl", hash = "sha256:ba9527cdd4c926ed0760bc301f6728ef34d841f405abf9d4f959c478421e4efd", size = 14274 },
    { url = "https://files.pythonhosted.org/packages/2b/6d/9409f3684d3335375d04e5f05744dfe7e9f120062c9857df4ab490a1031a/MarkupSafe-3.0.2-cp313-cp313-macosx_11_0_arm64.whl", hash = "sha256:f8b3d067f2e40fe93e1ccdd6b2e1d16c43140e76f02fb1319a05cf2b79d99430", size = 12352 },
    { url = "https://files.pythonhosted.org/packages/d2/f5/6eadfcd3885ea85fe2a7c128315cc1bb7241e1987443d78c8fe712d03091/MarkupSafe-3.0.2-cp313-cp313-manylinux_2_17_aarch64.manylinux2014_aarch64.whl", hash = "sha256:569511d3b58c8791ab4c2e1285575265991e6d8f8700c7be0e88f86cb0672094", size = 24122 },
    { url = "https://files.pythonhosted.org/packages/0c/91/96cf928db8236f1bfab6ce15ad070dfdd02ed88261c2afafd4b43575e9e9/MarkupSafe-3.0.2-cp313-cp313-manylinux_2_17_x86_64.manylinux2014_x86_64.whl", hash = "sha256:15ab75ef81add55874e7ab7055e9c397312385bd9ced94920f2802310c930396", size = 23085 },
    { url = "https://files.pythonhosted.org/packages/c2/cf/c9d56af24d56ea04daae7ac0940232d31d5a8354f2b457c6d856b2057d69/MarkupSafe-3.0.2-cp313-cp313-manylinux_2_5_i686.manylinux1_i686.manylinux_2_17_i686.manylinux2014_i686.whl", hash = "sha256:f3818cb119498c0678015754eba762e0d61e5b52d34c8b13d770f0719f7b1d79", size = 22978 },
    { url = "https://files.pythonhosted.org/packages/2a/9f/8619835cd6a711d6272d62abb78c033bda638fdc54c4e7f4272cf1c0962b/MarkupSafe-3.0.2-cp313-cp313-musllinux_1_2_aarch64.whl", hash = "sha256:cdb82a876c47801bb54a690c5ae105a46b392ac6099881cdfb9f6e95e4014c6a", size = 24208 },
    { url = "https://files.pythonhosted.org/packages/f9/bf/176950a1792b2cd2102b8ffeb5133e1ed984547b75db47c25a67d3359f77/MarkupSafe-3.0.2-cp313-cp313-musllinux_1_2_i686.whl", hash = "sha256:cabc348d87e913db6ab4aa100f01b08f481097838bdddf7c7a84b7575b7309ca", size = 23357 },
    { url = "https://files.pythonhosted.org/packages/ce/4f/9a02c1d335caabe5c4efb90e1b6e8ee944aa245c1aaaab8e8a618987d816/MarkupSafe-3.0.2-cp313-cp313-musllinux_1_2_x86_64.whl", hash = "sha256:444dcda765c8a838eaae23112db52f1efaf750daddb2d9ca300bcae1039adc5c", size = 23344 },
    { url = "https://files.pythonhosted.org/packages/ee/55/c271b57db36f748f0e04a759ace9f8f759ccf22b4960c270c78a394f58be/MarkupSafe-3.0.2-cp313-cp313-win32.whl", hash = "sha256:bcf3e58998965654fdaff38e58584d8937aa3096ab5354d493c77d1fdd66d7a1", size = 15101 },
    { url = "https://files.pythonhosted.org/packages/29/88/07df22d2dd4df40aba9f3e402e6dc1b8ee86297dddbad4872bd5e7b0094f/MarkupSafe-3.0.2-cp313-cp313-win_amd64.whl", hash = "sha256:e6a2a455bd412959b57a172ce6328d2dd1f01cb2135efda2e4576e8a23fa3b0f", size = 15603 },
    { url = "https://files.pythonhosted.org/packages/62/6a/8b89d24db2d32d433dffcd6a8779159da109842434f1dd2f6e71f32f738c/MarkupSafe-3.0.2-cp313-cp313t-macosx_10_13_universal2.whl", hash = "sha256:b5a6b3ada725cea8a5e634536b1b01c30bcdcd7f9c6fff4151548d5bf6b3a36c", size = 14510 },
    { url = "https://files.pythonhosted.org/packages/7a/06/a10f955f70a2e5a9bf78d11a161029d278eeacbd35ef806c3fd17b13060d/MarkupSafe-3.0.2-cp313-cp313t-macosx_11_0_arm64.whl", hash = "sha256:a904af0a6162c73e3edcb969eeeb53a63ceeb5d8cf642fade7d39e7963a22ddb", size = 12486 },
    { url = "https://files.pythonhosted.org/packages/34/cf/65d4a571869a1a9078198ca28f39fba5fbb910f952f9dbc5220afff9f5e6/MarkupSafe-3.0.2-cp313-cp313t-manylinux_2_17_aarch64.manylinux2014_aarch64.whl", hash = "sha256:4aa4e5faecf353ed117801a068ebab7b7e09ffb6e1d5e412dc852e0da018126c", size = 25480 },
    { url = "https://files.pythonhosted.org/packages/0c/e3/90e9651924c430b885468b56b3d597cabf6d72be4b24a0acd1fa0e12af67/MarkupSafe-3.0.2-cp313-cp313t-manylinux_2_17_x86_64.manylinux2014_x86_64.whl", hash = "sha256:c0ef13eaeee5b615fb07c9a7dadb38eac06a0608b41570d8ade51c56539e509d", size = 23914 },
    { url = "https://files.pythonhosted.org/packages/66/8c/6c7cf61f95d63bb866db39085150df1f2a5bd3335298f14a66b48e92659c/MarkupSafe-3.0.2-cp313-cp313t-manylinux_2_5_i686.manylinux1_i686.manylinux_2_17_i686.manylinux2014_i686.whl", hash = "sha256:d16a81a06776313e817c951135cf7340a3e91e8c1ff2fac444cfd75fffa04afe", size = 23796 },
    { url = "https://files.pythonhosted.org/packages/bb/35/cbe9238ec3f47ac9a7c8b3df7a808e7cb50fe149dc7039f5f454b3fba218/MarkupSafe-3.0.2-cp313-cp313t-musllinux_1_2_aarch64.whl", hash = "sha256:6381026f158fdb7c72a168278597a5e3a5222e83ea18f543112b2662a9b699c5", size = 25473 },
    { url = "https://files.pythonhosted.org/packages/e6/32/7621a4382488aa283cc05e8984a9c219abad3bca087be9ec77e89939ded9/MarkupSafe-3.0.2-cp313-cp313t-musllinux_1_2_i686.whl", hash = "sha256:3d79d162e7be8f996986c064d1c7c817f6df3a77fe3d6859f6f9e7be4b8c213a", size = 24114 },
    { url = "https://files.pythonhosted.org/packages/0d/80/0985960e4b89922cb5a0bac0ed39c5b96cbc1a536a99f30e8c220a996ed9/MarkupSafe-3.0.2-cp313-cp313t-musllinux_1_2_x86_64.whl", hash = "sha256:131a3c7689c85f5ad20f9f6fb1b866f402c445b220c19fe4308c0b147ccd2ad9", size = 24098 },
    { url = "https://files.pythonhosted.org/packages/82/78/fedb03c7d5380df2427038ec8d973587e90561b2d90cd472ce9254cf348b/MarkupSafe-3.0.2-cp313-cp313t-win32.whl", hash = "sha256:ba8062ed2cf21c07a9e295d5b8a2a5ce678b913b45fdf68c32d95d6c1291e0b6", size = 15208 },
    { url = "https://files.pythonhosted.org/packages/4f/65/6079a46068dfceaeabb5dcad6d674f5f5c61a6fa5673746f42a9f4c233b3/MarkupSafe-3.0.2-cp313-cp313t-win_amd64.whl", hash = "sha256:e444a31f8db13eb18ada366ab3cf45fd4b31e4db1236a4448f68778c1d1a5a2f", size = 15739 },
]

[[package]]
name = "mergedeep"
version = "1.3.4"
source = { registry = "https://pypi.org/simple" }
sdist = { url = "https://files.pythonhosted.org/packages/3a/41/580bb4006e3ed0361b8151a01d324fb03f420815446c7def45d02f74c270/mergedeep-1.3.4.tar.gz", hash = "sha256:0096d52e9dad9939c3d975a774666af186eda617e6ca84df4c94dec30004f2a8", size = 4661 }
wheels = [
    { url = "https://files.pythonhosted.org/packages/2c/19/04f9b178c2d8a15b076c8b5140708fa6ffc5601fb6f1e975537072df5b2a/mergedeep-1.3.4-py3-none-any.whl", hash = "sha256:70775750742b25c0d8f36c55aed03d24c3384d17c951b3175d898bd778ef0307", size = 6354 },
]

[[package]]
name = "packaging"
version = "24.1"
source = { registry = "https://pypi.org/simple" }
sdist = { url = "https://files.pythonhosted.org/packages/51/65/50db4dda066951078f0a96cf12f4b9ada6e4b811516bf0262c0f4f7064d4/packaging-24.1.tar.gz", hash = "sha256:026ed72c8ed3fcce5bf8950572258698927fd1dbda10a5e981cdf0ac37f4f002", size = 148788 }
wheels = [
    { url = "https://files.pythonhosted.org/packages/08/aa/cc0199a5f0ad350994d660967a8efb233fe0416e4639146c089643407ce6/packaging-24.1-py3-none-any.whl", hash = "sha256:5b8f2217dbdbd2f7f384c41c628544e6d52f2d0f53c6d0c3ea61aa5d1d7ff124", size = 53985 },
]

[[package]]
name = "path"
version = "17.0.0"
source = { registry = "https://pypi.org/simple" }
sdist = { url = "https://files.pythonhosted.org/packages/ff/a3/5dac44ce60ad6543578736a5729c5c2130cdac1c3117c61aad0583c2e3c6/path-17.0.0.tar.gz", hash = "sha256:e1540261d22df1416fb1b498b3b1ed5353a371a48fe197d66611bb01e7fab2d5", size = 49721 }
wheels = [
    { url = "https://files.pythonhosted.org/packages/55/49/5ffc63f96029e4f899d6caee9db40c445ded1bf15cb60b32d77363c2c8de/path-17.0.0-py3-none-any.whl", hash = "sha256:b7309739c569e30110a34c6c812e582c09ff504c43e1232817410181838918ed", size = 24831 },
]

[[package]]
name = "path-py"
version = "12.5.0"
source = { registry = "https://pypi.org/simple" }
dependencies = [
    { name = "path" },
]
sdist = { url = "https://files.pythonhosted.org/packages/b6/e3/81be70016d58ade0f516191fa80152daba5453d0b07ce648d9daae86a188/path.py-12.5.0.tar.gz", hash = "sha256:8d885e8b2497aed005703d94e0fd97943401f035e42a136810308bff034529a8", size = 15713 }
wheels = [
    { url = "https://files.pythonhosted.org/packages/8f/04/130b7a538c25693c85c4dee7e25d126ebf5511b1eb7320e64906687b159e/path.py-12.5.0-py3-none-any.whl", hash = "sha256:a43e82eb2c344c3fd0b9d6352f6b856f40b8b7d3d65cc05978b42c3715668496", size = 2251 },
]

[[package]]
name = "pluggy"
version = "1.5.0"
source = { registry = "https://pypi.org/simple" }
sdist = { url = "https://files.pythonhosted.org/packages/96/2d/02d4312c973c6050a18b314a5ad0b3210edb65a906f868e31c111dede4a6/pluggy-1.5.0.tar.gz", hash = "sha256:2cffa88e94fdc978c4c574f15f9e59b7f4201d439195c3715ca9e2486f1d0cf1", size = 67955 }
wheels = [
    { url = "https://files.pythonhosted.org/packages/88/5f/e351af9a41f866ac3f1fac4ca0613908d9a41741cfcf2228f4ad853b697d/pluggy-1.5.0-py3-none-any.whl", hash = "sha256:44e1ad92c8ca002de6377e165f3e0f1be63266ab4d554740532335b9d75ea669", size = 20556 },
]

[[package]]
name = "prettystack"
version = "0.4.0"
source = { registry = "https://pypi.org/simple" }
dependencies = [
    { name = "colorama" },
    { name = "jinja2" },
    { name = "path-py" },
]
sdist = { url = "https://files.pythonhosted.org/packages/f9/25/1ffec681326e0ed28c0d2fe743950210a5a9ab62859f190453ffb5e87625/prettystack-0.4.0.tar.gz", hash = "sha256:62622ea2a0c022ed2532ac03f1d8fe016f8e23e35cf2c0c6d3b5debd821b01ad", size = 4738 }
wheels = [
    { url = "https://files.pythonhosted.org/packages/bd/68/6429b6348b3757ce604d714402ada78e342d502cd9b799ee23c65393d1ba/prettystack-0.4.0-py3-none-any.whl", hash = "sha256:5526d37e31926e1b513205b7cb1dbf82412670771755d188fb6c42539e6de6d3", size = 5854 },
]

[[package]]
name = "psutil"
version = "6.1.0"
source = { registry = "https://pypi.org/simple" }
sdist = { url = "https://files.pythonhosted.org/packages/26/10/2a30b13c61e7cf937f4adf90710776b7918ed0a9c434e2c38224732af310/psutil-6.1.0.tar.gz", hash = "sha256:353815f59a7f64cdaca1c0307ee13558a0512f6db064e92fe833784f08539c7a", size = 508565 }
wheels = [
    { url = "https://files.pythonhosted.org/packages/01/9e/8be43078a171381953cfee33c07c0d628594b5dbfc5157847b85022c2c1b/psutil-6.1.0-cp36-abi3-macosx_10_9_x86_64.whl", hash = "sha256:6e2dcd475ce8b80522e51d923d10c7871e45f20918e027ab682f94f1c6351688", size = 247762 },
    { url = "https://files.pythonhosted.org/packages/1d/cb/313e80644ea407f04f6602a9e23096540d9dc1878755f3952ea8d3d104be/psutil-6.1.0-cp36-abi3-macosx_11_0_arm64.whl", hash = "sha256:0895b8414afafc526712c498bd9de2b063deaac4021a3b3c34566283464aff8e", size = 248777 },
    { url = "https://files.pythonhosted.org/packages/65/8e/bcbe2025c587b5d703369b6a75b65d41d1367553da6e3f788aff91eaf5bd/psutil-6.1.0-cp36-abi3-manylinux_2_12_i686.manylinux2010_i686.manylinux_2_17_i686.manylinux2014_i686.whl", hash = "sha256:9dcbfce5d89f1d1f2546a2090f4fcf87c7f669d1d90aacb7d7582addece9fb38", size = 284259 },
    { url = "https://files.pythonhosted.org/packages/58/4d/8245e6f76a93c98aab285a43ea71ff1b171bcd90c9d238bf81f7021fb233/psutil-6.1.0-cp36-abi3-manylinux_2_12_x86_64.manylinux2010_x86_64.manylinux_2_17_x86_64.manylinux2014_x86_64.whl", hash = "sha256:498c6979f9c6637ebc3a73b3f87f9eb1ec24e1ce53a7c5173b8508981614a90b", size = 287255 },
    { url = "https://files.pythonhosted.org/packages/27/c2/d034856ac47e3b3cdfa9720d0e113902e615f4190d5d1bdb8df4b2015fb2/psutil-6.1.0-cp36-abi3-manylinux_2_17_aarch64.manylinux2014_aarch64.whl", hash = "sha256:d905186d647b16755a800e7263d43df08b790d709d575105d419f8b6ef65423a", size = 288804 },
    { url = "https://files.pythonhosted.org/packages/ea/55/5389ed243c878725feffc0d6a3bc5ef6764312b6fc7c081faaa2cfa7ef37/psutil-6.1.0-cp37-abi3-win32.whl", hash = "sha256:1ad45a1f5d0b608253b11508f80940985d1d0c8f6111b5cb637533a0e6ddc13e", size = 250386 },
    { url = "https://files.pythonhosted.org/packages/11/91/87fa6f060e649b1e1a7b19a4f5869709fbf750b7c8c262ee776ec32f3028/psutil-6.1.0-cp37-abi3-win_amd64.whl", hash = "sha256:a8fb3752b491d246034fa4d279ff076501588ce8cbcdbb62c32fd7a377d996be", size = 254228 },
]

[[package]]
name = "ptyprocess"
version = "0.7.0"
source = { registry = "https://pypi.org/simple" }
sdist = { url = "https://files.pythonhosted.org/packages/20/e5/16ff212c1e452235a90aeb09066144d0c5a6a8c0834397e03f5224495c4e/ptyprocess-0.7.0.tar.gz", hash = "sha256:5c5d0a3b48ceee0b48485e0c26037c0acd7d29765ca3fbb5cb3831d347423220", size = 70762 }
wheels = [
    { url = "https://files.pythonhosted.org/packages/22/a6/858897256d0deac81a172289110f31629fc4cee19b6f01283303e18c8db3/ptyprocess-0.7.0-py2.py3-none-any.whl", hash = "sha256:4b41f3967fce3af57cc7e94b888626c18bf37a083e3651ca8feeb66d492fef35", size = 13993 },
]

[[package]]
name = "pyte"
version = "0.8.2"
source = { registry = "https://pypi.org/simple" }
dependencies = [
    { name = "wcwidth", marker = "sys_platform == 'unix'" },
]
sdist = { url = "https://files.pythonhosted.org/packages/ab/ab/b599762933eba04de7dc5b31ae083112a6c9a9db15b01d3109ad797559d9/pyte-0.8.2.tar.gz", hash = "sha256:5af970e843fa96a97149d64e170c984721f20e52227a2f57f0a54207f08f083f", size = 92301 }
wheels = [
    { url = "https://files.pythonhosted.org/packages/59/d0/bb522283b90853afbf506cd5b71c650cf708829914efd0003d615cf426cd/pyte-0.8.2-py3-none-any.whl", hash = "sha256:85db42a35798a5aafa96ac4d8da78b090b2c933248819157fc0e6f78876a0135", size = 31627 },
]

[[package]]
name = "pytest"
version = "8.3.3"
source = { registry = "https://pypi.org/simple" }
dependencies = [
    { name = "colorama", marker = "sys_platform == 'win32'" },
    { name = "iniconfig" },
    { name = "packaging" },
    { name = "pluggy" },
]
sdist = { url = "https://files.pythonhosted.org/packages/8b/6c/62bbd536103af674e227c41a8f3dcd022d591f6eed5facb5a0f31ee33bbc/pytest-8.3.3.tar.gz", hash = "sha256:70b98107bd648308a7952b06e6ca9a50bc660be218d53c257cc1fc94fda10181", size = 1442487 }
wheels = [
    { url = "https://files.pythonhosted.org/packages/6b/77/7440a06a8ead44c7757a64362dd22df5760f9b12dc5f11b6188cd2fc27a0/pytest-8.3.3-py3-none-any.whl", hash = "sha256:a6853c7375b2663155079443d2e45de913a911a11d669df02a50814944db57b2", size = 342341 },
]

[[package]]
name = "python-dateutil"
version = "2.9.0.post0"
source = { registry = "https://pypi.org/simple" }
dependencies = [
    { name = "six" },
]
sdist = { url = "https://files.pythonhosted.org/packages/66/c0/0c8b6ad9f17a802ee498c46e004a0eb49bc148f2fd230864601a86dcf6db/python-dateutil-2.9.0.post0.tar.gz", hash = "sha256:37dd54208da7e1cd875388217d5e00ebd4179249f90fb72437e91a35459a0ad3", size = 342432 }
wheels = [
    { url = "https://files.pythonhosted.org/packages/ec/57/56b9bcc3c9c6a792fcbaf139543cee77261f3651ca9da0c93f5c1221264b/python_dateutil-2.9.0.post0-py2.py3-none-any.whl", hash = "sha256:a8b2bc7bffae282281c8140a97d3aa9c14da0b136dfe83f850eea9a5f7470427", size = 229892 },
]

[[package]]
name = "python-levenshtein"
version = "0.27.1"
source = { registry = "https://pypi.org/simple" }
dependencies = [
    { name = "levenshtein" },
]
sdist = { url = "https://files.pythonhosted.org/packages/13/f6/d865a565b7eeef4b5f9a18accafb03d5730c712420fc84a3a40555f7ea6b/python_levenshtein-0.27.1.tar.gz", hash = "sha256:3a5314a011016d373d309a68e875fd029caaa692ad3f32e78319299648045f11", size = 12326 }
wheels = [
    { url = "https://files.pythonhosted.org/packages/2a/95/8c8fd923b0a702388da4f9e0368f490d123cc5224279e6a083984304a15e/python_levenshtein-0.27.1-py3-none-any.whl", hash = "sha256:e1a4bc2a70284b2ebc4c505646142fecd0f831e49aa04ed972995895aec57396", size = 9426 },
]

[[package]]
name = "python-slugify"
version = "8.0.4"
source = { registry = "https://pypi.org/simple" }
dependencies = [
    { name = "text-unidecode" },
]
sdist = { url = "https://files.pythonhosted.org/packages/87/c7/5e1547c44e31da50a460df93af11a535ace568ef89d7a811069ead340c4a/python-slugify-8.0.4.tar.gz", hash = "sha256:59202371d1d05b54a9e7720c5e038f928f45daaffe41dd10822f3907b937c856", size = 10921 }
wheels = [
    { url = "https://files.pythonhosted.org/packages/a4/62/02da182e544a51a5c3ccf4b03ab79df279f9c60c5e82d5e8bec7ca26ac11/python_slugify-8.0.4-py2.py3-none-any.whl", hash = "sha256:276540b79961052b66b7d116620b36518847f52d5fd9e3a70164fc8c50faa6b8", size = 10051 },
]

[[package]]
name = "pytz"
version = "2024.2"
source = { registry = "https://pypi.org/simple" }
sdist = { url = "https://files.pythonhosted.org/packages/3a/31/3c70bf7603cc2dca0f19bdc53b4537a797747a58875b552c8c413d963a3f/pytz-2024.2.tar.gz", hash = "sha256:2aa355083c50a0f93fa581709deac0c9ad65cca8a9e9beac660adcbd493c798a", size = 319692 }
wheels = [
    { url = "https://files.pythonhosted.org/packages/11/c3/005fcca25ce078d2cc29fd559379817424e94885510568bc1bc53d7d5846/pytz-2024.2-py2.py3-none-any.whl", hash = "sha256:31c7c1817eb7fae7ca4b8c7ee50c72f93aa2dd863de768e1ef4245d426aa0725", size = 508002 },
]

[[package]]
name = "rapidfuzz"
version = "3.12.2"
source = { registry = "https://pypi.org/simple" }
sdist = { url = "https://files.pythonhosted.org/packages/f9/be/8dff25a6157dfbde9867720b1282157fe7b809e085130bb89d7655c62186/rapidfuzz-3.12.2.tar.gz", hash = "sha256:b0ba1ccc22fff782e7152a3d3d0caca44ec4e32dc48ba01c560b8593965b5aa3", size = 57907839 }
wheels = [
    { url = "https://files.pythonhosted.org/packages/96/59/2ea3b5bb82798eae73d6ee892264ebfe42727626c1f0e96c77120f0d5cf6/rapidfuzz-3.12.2-cp313-cp313-macosx_10_13_x86_64.whl", hash = "sha256:941f31038dba5d3dedcfcceba81d61570ad457c873a24ceb13f4f44fcb574260", size = 1936870 },
    { url = "https://files.pythonhosted.org/packages/54/85/4e486bf9ea05e771ad231731305ed701db1339157f630b76b246ce29cf71/rapidfuzz-3.12.2-cp313-cp313-macosx_11_0_arm64.whl", hash = "sha256:fe2dfc454ee51ba168a67b1e92b72aad251e45a074972cef13340bbad2fd9438", size = 1424231 },
    { url = "https://files.pythonhosted.org/packages/dc/60/aeea3eed402c40a8cf055d554678769fbee0dd95c22f04546070a22bb90e/rapidfuzz-3.12.2-cp313-cp313-manylinux_2_17_aarch64.manylinux2014_aarch64.whl", hash = "sha256:78fafaf7f5a48ee35ccd7928339080a0136e27cf97396de45259eca1d331b714", size = 1398055 },
    { url = "https://files.pythonhosted.org/packages/33/6b/757106f4c21fe3f20ce13ba3df560da60e52fe0dc390fd22bf613761669c/rapidfuzz-3.12.2-cp313-cp313-manylinux_2_17_i686.manylinux2014_i686.whl", hash = "sha256:e0c7989ff32c077bb8fd53253fd6ca569d1bfebc80b17557e60750e6909ba4fe", size = 5526188 },
    { url = "https://files.pythonhosted.org/packages/1e/a2/7c680cdc5532746dba67ecf302eed975252657094e50ae334fa9268352e8/rapidfuzz-3.12.2-cp313-cp313-manylinux_2_17_ppc64le.manylinux2014_ppc64le.whl", hash = "sha256:96fa00bc105caa34b6cd93dca14a29243a3a7f0c336e4dcd36348d38511e15ac", size = 1648483 },
    { url = "https://files.pythonhosted.org/packages/f6/b0/ce942a1448b1a75d64af230dd746dede502224dd29ca9001665bbfd4bee6/rapidfuzz-3.12.2-cp313-cp313-manylinux_2_17_s390x.manylinux2014_s390x.whl", hash = "sha256:bccfb30c668620c5bc3490f2dc7d7da1cca0ead5a9da8b755e2e02e2ef0dff14", size = 1676076 },
    { url = "https://files.pythonhosted.org/packages/ba/71/81f77b08333200be6984b6cdf2bdfd7cfca4943f16b478a2f7838cba8d66/rapidfuzz-3.12.2-cp313-cp313-manylinux_2_17_x86_64.manylinux2014_x86_64.whl", hash = "sha256:2f9b0adc3d894beb51f5022f64717b6114a6fabaca83d77e93ac7675911c8cc5", size = 3114169 },
    { url = "https://files.pythonhosted.org/packages/01/16/f3f34b207fdc8c61a33f9d2d61fc96b62c7dadca88bda1df1be4b94afb0b/rapidfuzz-3.12.2-cp313-cp313-musllinux_1_2_aarch64.whl", hash = "sha256:32691aa59577f42864d5535cb6225d0f47e2c7bff59cf4556e5171e96af68cc1", size = 2485317 },
    { url = "https://files.pythonhosted.org/packages/b2/a6/b954f0766f644eb8dd8df44703e024ab4f5f15a8f8f5ea969963dd036f50/rapidfuzz-3.12.2-cp313-cp313-musllinux_1_2_i686.whl", hash = "sha256:758b10380ad34c1f51753a070d7bb278001b5e6fcf544121c6df93170952d705", size = 7844495 },
    { url = "https://files.pythonhosted.org/packages/fb/8f/1dc604d05e07150a02b56a8ffc47df75ce316c65467259622c9edf098451/rapidfuzz-3.12.2-cp313-cp313-musllinux_1_2_ppc64le.whl", hash = "sha256:50a9c54c0147b468363119132d514c5024fbad1ed8af12bd8bd411b0119f9208", size = 2873242 },
    { url = "https://files.pythonhosted.org/packages/78/a9/9c649ace4b7f885e0a5fdcd1f33b057ebd83ecc2837693e6659bd944a2bb/rapidfuzz-3.12.2-cp313-cp313-musllinux_1_2_s390x.whl", hash = "sha256:e3ceb87c11d2d0fbe8559bb795b0c0604b84cfc8bb7b8720b5c16e9e31e00f41", size = 3519124 },
    { url = "https://files.pythonhosted.org/packages/f5/81/ce0b774e540a2e22ec802e383131d7ead18347197304d584c4ccf7b8861a/rapidfuzz-3.12.2-cp313-cp313-musllinux_1_2_x86_64.whl", hash = "sha256:f7c9a003002434889255ff5676ca0f8934a478065ab5e702f75dc42639505bba", size = 4557831 },
    { url = "https://files.pythonhosted.org/packages/13/28/7bf0ee8d35efa7ab14e83d1795cdfd54833aa0428b6f87e987893136c372/rapidfuzz-3.12.2-cp313-cp313-win32.whl", hash = "sha256:cf165a76870cd875567941cf861dfd361a0a6e6a56b936c5d30042ddc9def090", size = 1842802 },
    { url = "https://files.pythonhosted.org/packages/ef/7e/792d609484776c8a40e1695ebd28b62196be9f8347b785b9104604dc7268/rapidfuzz-3.12.2-cp313-cp313-win_amd64.whl", hash = "sha256:55bcc003541f5f16ec0a73bf6de758161973f9e8d75161954380738dd147f9f2", size = 1615808 },
    { url = "https://files.pythonhosted.org/packages/4b/43/ca3d1018b392f49131843648e10b08ace23afe8dad3bee5f136e4346b7cd/rapidfuzz-3.12.2-cp313-cp313-win_arm64.whl", hash = "sha256:69f6ecdf1452139f2b947d0c169a605de578efdb72cbb2373cb0a94edca1fd34", size = 863535 },
]

[[package]]
name = "six"
version = "1.16.0"
source = { registry = "https://pypi.org/simple" }
sdist = { url = "https://files.pythonhosted.org/packages/71/39/171f1c67cd00715f190ba0b100d606d440a28c93c7714febeca8b79af85e/six-1.16.0.tar.gz", hash = "sha256:1e61c37477a1626458e36f7b1d82aa5c9b094fa4802892072e49de9c60c4c926", size = 34041 }
wheels = [
    { url = "https://files.pythonhosted.org/packages/d9/5a/e7c31adbe875f2abbb91bd84cf2dc52d792b5a01506781dbcf25c91daf11/six-1.16.0-py2.py3-none-any.whl", hash = "sha256:8abb2f1d86890a2dfb989f9a77cfcfd3e47c2a354b01111771326f8aa26e0254", size = 11053 },
]

[[package]]
name = "strictyaml"
version = "1.7.3"
source = { registry = "https://pypi.org/simple" }
dependencies = [
    { name = "python-dateutil" },
]
sdist = { url = "https://files.pythonhosted.org/packages/b3/08/efd28d49162ce89c2ad61a88bd80e11fb77bc9f6c145402589112d38f8af/strictyaml-1.7.3.tar.gz", hash = "sha256:22f854a5fcab42b5ddba8030a0e4be51ca89af0267961c8d6cfa86395586c407", size = 115206 }
wheels = [
    { url = "https://files.pythonhosted.org/packages/96/7c/a81ef5ef10978dd073a854e0fa93b5d8021d0594b639cc8f6453c3c78a1d/strictyaml-1.7.3-py3-none-any.whl", hash = "sha256:fb5c8a4edb43bebb765959e420f9b3978d7f1af88c80606c03fb420888f5d1c7", size = 123917 },
]

[[package]]
name = "text-unidecode"
version = "1.3"
source = { registry = "https://pypi.org/simple" }
sdist = { url = "https://files.pythonhosted.org/packages/ab/e2/e9a00f0ccb71718418230718b3d900e71a5d16e701a3dae079a21e9cd8f8/text-unidecode-1.3.tar.gz", hash = "sha256:bad6603bb14d279193107714b288be206cac565dfa49aa5b105294dd5c4aab93", size = 76885 }
wheels = [
    { url = "https://files.pythonhosted.org/packages/a6/a5/c0b6468d3824fe3fde30dbb5e1f687b291608f9473681bbf7dabbf5a87d7/text_unidecode-1.3-py2.py3-none-any.whl", hash = "sha256:1311f10e8b895935241623731c2ba64f4c455287888b18189350b67134a822e8", size = 78154 },
]

[[package]]
name = "toml"
version = "0.10.2"
source = { registry = "https://pypi.org/simple" }
sdist = { url = "https://files.pythonhosted.org/packages/be/ba/1f744cdc819428fc6b5084ec34d9b30660f6f9daaf70eead706e3203ec3c/toml-0.10.2.tar.gz", hash = "sha256:b3bda1d108d5dd99f4a20d24d9c348e91c4db7ab1b749200bded2f839ccbe68f", size = 22253 }
wheels = [
    { url = "https://files.pythonhosted.org/packages/44/6f/7120676b6d73228c96e17f1f794d8ab046fc910d781c8d151120c3f1569e/toml-0.10.2-py2.py3-none-any.whl", hash = "sha256:806143ae5bfb6a3c6e736a764057db0e6a0e05e338b5630894a5f779cabb4f9b", size = 16588 },
]

[[package]]
name = "typing-extensions"
version = "4.12.2"
source = { registry = "https://pypi.org/simple" }
sdist = { url = "https://files.pythonhosted.org/packages/df/db/f35a00659bc03fec321ba8bce9420de607a1d37f8342eee1863174c69557/typing_extensions-4.12.2.tar.gz", hash = "sha256:1a7ead55c7e559dd4dee8856e3a88b41225abfe1ce8df57b7c13915fe121ffb8", size = 85321 }
wheels = [
    { url = "https://files.pythonhosted.org/packages/26/9f/ad63fc0248c5379346306f8668cda6e2e2e9c95e01216d2b8ffd9ff037d0/typing_extensions-4.12.2-py3-none-any.whl", hash = "sha256:04e5ca0351e0f3f85c6853954072df659d0d13fac324d0072316b67d7794700d", size = 37438 },
]

[[package]]
name = "uvloop"
version = "0.21.0"
source = { registry = "https://pypi.org/simple" }
sdist = { url = "https://files.pythonhosted.org/packages/af/c0/854216d09d33c543f12a44b393c402e89a920b1a0a7dc634c42de91b9cf6/uvloop-0.21.0.tar.gz", hash = "sha256:3bf12b0fda68447806a7ad847bfa591613177275d35b6724b1ee573faa3704e3", size = 2492741 }

[[package]]
name = "wcwidth"
version = "0.2.13"
source = { registry = "https://pypi.org/simple" }
sdist = { url = "https://files.pythonhosted.org/packages/6c/63/53559446a878410fc5a5974feb13d31d78d752eb18aeba59c7fef1af7598/wcwidth-0.2.13.tar.gz", hash = "sha256:72ea0c06399eb286d978fdedb6923a9eb47e1c486ce63e9b4e64fc18303972b5", size = 101301 }
wheels = [
    { url = "https://files.pythonhosted.org/packages/fd/84/fd2ba7aafacbad3c4201d395674fc6348826569da3c0937e75505ead3528/wcwidth-0.2.13-py2.py3-none-any.whl", hash = "sha256:3da69048e4540d84af32131829ff948f1e022c1c6bdb8d6102117aac784f6859", size = 34166 },
]

[[package]]
name = "xdg-base-dirs"
version = "6.0.2"
source = { registry = "https://pypi.org/simple" }
sdist = { url = "https://files.pythonhosted.org/packages/bf/d0/bbe05a15347538aaf9fa5b51ac3b97075dfb834931fcb77d81fbdb69e8f6/xdg_base_dirs-6.0.2.tar.gz", hash = "sha256:950504e14d27cf3c9cb37744680a43bf0ac42efefc4ef4acf98dc736cab2bced", size = 4085 }
wheels = [
    { url = "https://files.pythonhosted.org/packages/fc/03/030b47fd46b60fc87af548e57ff59c2ca84b2a1dadbe721bb0ce33896b2e/xdg_base_dirs-6.0.2-py3-none-any.whl", hash = "sha256:3c01d1b758ed4ace150ac960ac0bd13ce4542b9e2cdf01312dcda5012cfebabe", size = 4747 },
]
