# THIS IS AN AUTOGENERATED FILE. DO NOT EDIT THIS FILE DIRECTLY.
# yarn lockfile v1


"@xterm/xterm@^5.5.0":
  version "5.5.0"
  resolved "https://registry.yarnpkg.com/@xterm/xterm/-/xterm-5.5.0.tgz#275fb8f6e14afa6e8a0c05d4ebc94523ff775396"
  integrity sha512-hqJHYaQb5OptNunnyAnkHyM8aCjZ1MEIDTQu1iIbbTD/xops91NB5yq1ZK/dC2JDbVWtF23zUtl9JE2NqwT87A==
